
Microsoft Visual Studio Solution File, Format Version 12.00
# Visual Studio Version 17
VisualStudioVersion = 17.4.33213.308
MinimumVisualStudioVersion = 10.0.40219.1
Project("{FAE04EC0-301F-11D3-BF4B-00C04F79EFBC}") = "Tamagochi", "Tamagochi\Tamagochi.csproj", "{304C1CD2-BB6E-4D76-A42E-30FC66631DAF}"
EndProject
Global
	GlobalSection(SolutionConfigurationPlatforms) = preSolution
		Debug|Any CPU = Debug|Any CPU
		Release|Any CPU = Release|Any CPU
	EndGlobalSection
	GlobalSection(ProjectConfigurationPlatforms) = postSolution
		{304C1CD2-BB6E-4D76-A42E-30FC66631DAF}.Debug|Any CPU.ActiveCfg = Debug|Any CPU
		{304C1CD2-BB6E-4D76-A42E-30FC66631DAF}.Debug|Any CPU.Build.0 = Debug|Any CPU
		{304C1CD2-BB6E-4D76-A42E-30FC66631DAF}.Release|Any CPU.ActiveCfg = Release|Any CPU
		{304C1CD2-BB6E-4D76-A42E-30FC66631DAF}.Release|Any CPU.Build.0 = Release|Any CPU
	EndGlobalSection
	GlobalSection(SolutionProperties) = preSolution
		HideSolutionNode = FALSE
	EndGlobalSection
	GlobalSection(ExtensibilityGlobals) = postSolution
		SolutionGuid = {D82FD5A9-6EFB-4402-9CA4-A0A25F168A15}
	EndGlobalSection
EndGlobal
